
Microsoft Visual Studio Solution File, Format Version 12.00
# Visual Studio 15
Project("{FAE04EC0-301F-11D3-BF4B-00C04F79EFBC}") = "Assembly-CSharp", "Assembly-CSharp.csproj", "{CF9D1C0B-663D-6AFA-F4D2-BA8BD6DC9458}"
EndProject
Project("{FAE04EC0-301F-11D3-BF4B-00C04F79EFBC}") = "Assembly-CSharp-Editor", "Assembly-CSharp-Editor.csproj", "{08FB8D4C-633B-B1B7-45A8-080863268A4E}"
EndProject
Global
	GlobalSection(SolutionConfigurationPlatforms) = preSolution
		Debug|Any CPU = Debug|Any CPU
		Release|Any CPU = Release|Any CPU
	EndGlobalSection
	GlobalSection(ProjectConfigurationPlatforms) = postSolution
		{CF9D1C0B-663D-6AFA-F4D2-BA8BD6DC9458}.Debug|Any CPU.ActiveCfg = Debug|Any CPU
		{CF9D1C0B-663D-6AFA-F4D2-BA8BD6DC9458}.Debug|Any CPU.Build.0 = Debug|Any CPU
		{CF9D1C0B-663D-6AFA-F4D2-BA8BD6DC9458}.Release|Any CPU.ActiveCfg = Release|Any CPU
		{CF9D1C0B-663D-6AFA-F4D2-BA8BD6DC9458}.Release|Any CPU.Build.0 = Release|Any CPU
		{08FB8D4C-633B-B1B7-45A8-080863268A4E}.Debug|Any CPU.ActiveCfg = Debug|Any CPU
		{08FB8D4C-633B-B1B7-45A8-080863268A4E}.Debug|Any CPU.Build.0 = Debug|Any CPU
		{08FB8D4C-633B-B1B7-45A8-080863268A4E}.Release|Any CPU.ActiveCfg = Release|Any CPU
		{08FB8D4C-633B-B1B7-45A8-080863268A4E}.Release|Any CPU.Build.0 = Release|Any CPU
	EndGlobalSection
	GlobalSection(SolutionProperties) = preSolution
		HideSolutionNode = FALSE
	EndGlobalSection
	GlobalSection(MonoDevelopProperties) = preSolution
		StartupItem = Assembly-CSharp.csproj
	EndGlobalSection
EndGlobal
