
Microsoft Visual Studio Solution File, Format Version 12.00
# Visual Studio 15
Project("{FAE04EC0-301F-11D3-BF4B-00C04F79EFBC}") = "Assembly-CSharp", "Assembly-CSharp.csproj", "{382F79D8-8AD0-8A25-7FBD-7374D63F5C8A}"
EndProject
Project("{FAE04EC0-301F-11D3-BF4B-00C04F79EFBC}") = "Assembly-CSharp-Editor", "Assembly-CSharp-Editor.csproj", "{09D80814-3CE4-93EC-0C11-F09D7EAC96B8}"
EndProject
Global
	GlobalSection(SolutionConfigurationPlatforms) = preSolution
		Debug|Any CPU = Debug|Any CPU
		Release|Any CPU = Release|Any CPU
	EndGlobalSection
	GlobalSection(ProjectConfigurationPlatforms) = postSolution
		{382F79D8-8AD0-8A25-7FBD-7374D63F5C8A}.Debug|Any CPU.ActiveCfg = Debug|Any CPU
		{382F79D8-8AD0-8A25-7FBD-7374D63F5C8A}.Debug|Any CPU.Build.0 = Debug|Any CPU
		{382F79D8-8AD0-8A25-7FBD-7374D63F5C8A}.Release|Any CPU.ActiveCfg = Release|Any CPU
		{382F79D8-8AD0-8A25-7FBD-7374D63F5C8A}.Release|Any CPU.Build.0 = Release|Any CPU
		{09D80814-3CE4-93EC-0C11-F09D7EAC96B8}.Debug|Any CPU.ActiveCfg = Debug|Any CPU
		{09D80814-3CE4-93EC-0C11-F09D7EAC96B8}.Debug|Any CPU.Build.0 = Debug|Any CPU
		{09D80814-3CE4-93EC-0C11-F09D7EAC96B8}.Release|Any CPU.ActiveCfg = Release|Any CPU
		{09D80814-3CE4-93EC-0C11-F09D7EAC96B8}.Release|Any CPU.Build.0 = Release|Any CPU
	EndGlobalSection
	GlobalSection(SolutionProperties) = preSolution
		HideSolutionNode = FALSE
	EndGlobalSection
	GlobalSection(MonoDevelopProperties) = preSolution
		StartupItem = Assembly-CSharp.csproj
	EndGlobalSection
EndGlobal
